dependencies:
- name: common
  repository: oci://registry-1.docker.io/bitnamicharts
  version: 2.34.0
- name: ngrok-crds
  repository: file://../ngrok-crds
  version: 0.2.0
digest: sha256:a4b06c9c6cc3e9e7bd509edc4998666e05d6f8dc6c4678258ff9a3c68d70f8b2
generated: "2026-02-05T16:25:03.999386703-06:00"
