dependencies:
- name: common
  repository: oci://registry-1.docker.io/bitnamicharts
  version: 2.39.0
- name: ngrok-crds
  repository: file://../ngrok-crds
  version: 0.3.0-rc.1
digest: sha256:fdedb14b55cf1f78fe67def116973f60dfa77ab0802e48374052012b76732110
generated: "2026-05-08T14:30:49.573186-05:00"
