dependencies:
- name: common
  repository: oci://registry-1.docker.io/bitnamicharts
  version: 2.41.0
- name: ngrok-crds
  repository: file://../ngrok-crds
  version: 0.4.0-rc.1
digest: sha256:21a719eba08d8746e13ec3b6764e9b20ee51bca02b8c6868274581e53ee9e80f
generated: "2026-07-29T17:23:47.236115133Z"
